
Microsoft Visual Studio Solution File, Format Version 12.00
# Visual Studio Version 17
VisualStudioVersion = 17.7.34221.43
MinimumVisualStudioVersion = 10.0.40219.1
Project("{FAE04EC0-301F-11D3-BF4B-00C04F79EFBC}") = "NotesMvc", "NotesMvc\NotesMvc.csproj", "{2837C10C-8EB2-4AC0-890B-2032D4165A59}"
EndProject
Project("{FAE04EC0-301F-11D3-BF4B-00C04F79EFBC}") = "Domain", "Domain\Domain.csproj", "{95EF66EA-D34D-4481-BB35-312994CA94AF}"
EndProject
Global
	GlobalSection(SolutionConfigurationPlatforms) = preSolution
		Debug|Any CPU = Debug|Any CPU
		Release|Any CPU = Release|Any CPU
	EndGlobalSection
	GlobalSection(ProjectConfigurationPlatforms) = postSolution
		{2837C10C-8EB2-4AC0-890B-2032D4165A59}.Debug|Any CPU.ActiveCfg = Debug|Any CPU
		{2837C10C-8EB2-4AC0-890B-2032D4165A59}.Debug|Any CPU.Build.0 = Debug|Any CPU
		{2837C10C-8EB2-4AC0-890B-2032D4165A59}.Release|Any CPU.ActiveCfg = Release|Any CPU
		{2837C10C-8EB2-4AC0-890B-2032D4165A59}.Release|Any CPU.Build.0 = Release|Any CPU
		{95EF66EA-D34D-4481-BB35-312994CA94AF}.Debug|Any CPU.ActiveCfg = Debug|Any CPU
		{95EF66EA-D34D-4481-BB35-312994CA94AF}.Debug|Any CPU.Build.0 = Debug|Any CPU
		{95EF66EA-D34D-4481-BB35-312994CA94AF}.Release|Any CPU.ActiveCfg = Release|Any CPU
		{95EF66EA-D34D-4481-BB35-312994CA94AF}.Release|Any CPU.Build.0 = Release|Any CPU
	EndGlobalSection
	GlobalSection(SolutionProperties) = preSolution
		HideSolutionNode = FALSE
	EndGlobalSection
	GlobalSection(ExtensibilityGlobals) = postSolution
		SolutionGuid = {5C9179C0-5501-4A87-A55A-15E821545320}
	EndGlobalSection
EndGlobal
